# This file was autogenerated by Stack.
# You should not edit this file by hand.
# For more information, please see the documentation at:
#   https://docs.haskellstack.org/en/stable/lock_files

packages:
- completed:
    hackage: ffmpeg-light-0.12.2.2@sha256:ef88a66f920634e29116d1c3521401213c027700c547e04c37ffe6b349845c4c,4262
    pantry-tree:
      size: 1293
      sha256: d4f93f6ae228c898da16e69a07a8a0e281c15798e4b9d2e168ba5a0d6ed658ac
  original:
    hackage: ffmpeg-light-0.12.2.2@sha256:ef88a66f920634e29116d1c3521401213c027700c547e04c37ffe6b349845c4c,4262
snapshots:
- completed:
    size: 524786
    url: https://raw.githubusercontent.com/commercialhaskell/stackage-snapshots/master/lts/14/11.yaml
    sha256: 088bb91b545839510a41ae92fa5feb36779ef3529571a42bd12b9f51eb89ded3
  original: lts-14.11
